
Microsoft Visual Studio Solution File, Format Version 12.00
# Visual Studio Version 17
VisualStudioVersion = 17.6.33829.357
MinimumVisualStudioVersion = 10.0.40219.1
Project("{FAE04EC0-301F-11D3-BF4B-00C04F79EFBC}") = "calcPractice", "calcPractice\calcPractice.csproj", "{58E25D61-9594-43F1-AC88-8674960A9E8C}"
EndProject
Global
	GlobalSection(SolutionConfigurationPlatforms) = preSolution
		Debug|Any CPU = Debug|Any CPU
		Release|Any CPU = Release|Any CPU
	EndGlobalSection
	GlobalSection(ProjectConfigurationPlatforms) = postSolution
		{58E25D61-9594-43F1-AC88-8674960A9E8C}.Debug|Any CPU.ActiveCfg = Debug|Any CPU
		{58E25D61-9594-43F1-AC88-8674960A9E8C}.Debug|Any CPU.Build.0 = Debug|Any CPU
		{58E25D61-9594-43F1-AC88-8674960A9E8C}.Release|Any CPU.ActiveCfg = Release|Any CPU
		{58E25D61-9594-43F1-AC88-8674960A9E8C}.Release|Any CPU.Build.0 = Release|Any CPU
	EndGlobalSection
	GlobalSection(SolutionProperties) = preSolution
		HideSolutionNode = FALSE
	EndGlobalSection
	GlobalSection(ExtensibilityGlobals) = postSolution
		SolutionGuid = {4DB0A9B5-F95A-4AA5-B132-F9C2E06AE80E}
	EndGlobalSection
EndGlobal
